
Microsoft Visual Studio Solution File, Format Version 12.00
# Visual Studio Version 16
VisualStudioVersion = 16.0.29306.81
MinimumVisualStudioVersion = 10.0.40219.1
Project("{FAE04EC0-301F-11D3-BF4B-00C04F79EFBC}") = "Collections", "Collections.csproj", "{96242FB4-A9D2-4322-8E52-63202FC732DF}"
EndProject
Global
	GlobalSection(SolutionConfigurationPlatforms) = preSolution
		Debug|Any CPU = Debug|Any CPU
		Release|Any CPU = Release|Any CPU
	EndGlobalSection
	GlobalSection(ProjectConfigurationPlatforms) = postSolution
		{96242FB4-A9D2-4322-8E52-63202FC732DF}.Debug|Any CPU.ActiveCfg = Debug|Any CPU
		{96242FB4-A9D2-4322-8E52-63202FC732DF}.Debug|Any CPU.Build.0 = Debug|Any CPU
		{96242FB4-A9D2-4322-8E52-63202FC732DF}.Release|Any CPU.ActiveCfg = Release|Any CPU
		{96242FB4-A9D2-4322-8E52-63202FC732DF}.Release|Any CPU.Build.0 = Release|Any CPU
	EndGlobalSection
	GlobalSection(SolutionProperties) = preSolution
		HideSolutionNode = FALSE
	EndGlobalSection
	GlobalSection(ExtensibilityGlobals) = postSolution
		SolutionGuid = {5AAFBFF3-C7A3-4578-885B-6846A551CC3F}
	EndGlobalSection
EndGlobal
